
Microsoft Visual Studio Solution File, Format Version 12.00
# Visual Studio 15
VisualStudioVersion = 15.0.26730.12
MinimumVisualStudioVersion = 10.0.40219.1
Project("{8BC9CEB8-8B4A-11D0-8D11-00A0C91BC942}") = "MPL", "C++ workshop.vcxproj", "{CFE4B868-E560-4460-976C-40AE54643B66}"
EndProject
Project("{8BC9CEB8-8B4A-11D0-8D11-00A0C91BC942}") = "C++ workshop", "..\tmp\tmp.vcxproj", "{465944C2-3EB8-4F94-8F94-C37A1B3DE0CA}"
EndProject
Project("{8BC9CEB8-8B4A-11D0-8D11-00A0C91BC942}") = "search_engine", "..\search_engine\search_engine.vcxproj", "{28FE3059-743A-4BFC-A5E4-FED9B8D37607}"
EndProject
Global
	GlobalSection(SolutionConfigurationPlatforms) = preSolution
		Debug|x64 = Debug|x64
		Debug|x86 = Debug|x86
		Release|x64 = Release|x64
		Release|x86 = Release|x86
	EndGlobalSection
	GlobalSection(ProjectConfigurationPlatforms) = postSolution
		{CFE4B868-E560-4460-976C-40AE54643B66}.Debug|x64.ActiveCfg = Debug|x64
		{CFE4B868-E560-4460-976C-40AE54643B66}.Debug|x64.Build.0 = Debug|x64
		{CFE4B868-E560-4460-976C-40AE54643B66}.Debug|x86.ActiveCfg = Debug|Win32
		{CFE4B868-E560-4460-976C-40AE54643B66}.Debug|x86.Build.0 = Debug|Win32
		{CFE4B868-E560-4460-976C-40AE54643B66}.Release|x64.ActiveCfg = Release|x64
		{CFE4B868-E560-4460-976C-40AE54643B66}.Release|x64.Build.0 = Release|x64
		{CFE4B868-E560-4460-976C-40AE54643B66}.Release|x86.ActiveCfg = Release|Win32
		{CFE4B868-E560-4460-976C-40AE54643B66}.Release|x86.Build.0 = Release|Win32
		{465944C2-3EB8-4F94-8F94-C37A1B3DE0CA}.Debug|x64.ActiveCfg = Debug|x64
		{465944C2-3EB8-4F94-8F94-C37A1B3DE0CA}.Debug|x64.Build.0 = Debug|x64
		{465944C2-3EB8-4F94-8F94-C37A1B3DE0CA}.Debug|x86.ActiveCfg = Debug|Win32
		{465944C2-3EB8-4F94-8F94-C37A1B3DE0CA}.Debug|x86.Build.0 = Debug|Win32
		{465944C2-3EB8-4F94-8F94-C37A1B3DE0CA}.Release|x64.ActiveCfg = Release|x64
		{465944C2-3EB8-4F94-8F94-C37A1B3DE0CA}.Release|x64.Build.0 = Release|x64
		{465944C2-3EB8-4F94-8F94-C37A1B3DE0CA}.Release|x86.ActiveCfg = Release|Win32
		{465944C2-3EB8-4F94-8F94-C37A1B3DE0CA}.Release|x86.Build.0 = Release|Win32
		{28FE3059-743A-4BFC-A5E4-FED9B8D37607}.Debug|x64.ActiveCfg = Debug|x64
		{28FE3059-743A-4BFC-A5E4-FED9B8D37607}.Debug|x64.Build.0 = Debug|x64
		{28FE3059-743A-4BFC-A5E4-FED9B8D37607}.Debug|x86.ActiveCfg = Debug|Win32
		{28FE3059-743A-4BFC-A5E4-FED9B8D37607}.Debug|x86.Build.0 = Debug|Win32
		{28FE3059-743A-4BFC-A5E4-FED9B8D37607}.Release|x64.ActiveCfg = Release|x64
		{28FE3059-743A-4BFC-A5E4-FED9B8D37607}.Release|x64.Build.0 = Release|x64
		{28FE3059-743A-4BFC-A5E4-FED9B8D37607}.Release|x86.ActiveCfg = Release|Win32
		{28FE3059-743A-4BFC-A5E4-FED9B8D37607}.Release|x86.Build.0 = Release|Win32
	EndGlobalSection
	GlobalSection(SolutionProperties) = preSolution
		HideSolutionNode = FALSE
	EndGlobalSection
	GlobalSection(ExtensibilityGlobals) = postSolution
		SolutionGuid = {9470ED34-BC35-4E11-8722-594203C20912}
	EndGlobalSection
EndGlobal
